
Microsoft Visual Studio Solution File, Format Version 12.00
# Visual Studio Version 16
VisualStudioVersion = 16.0.30517.126
MinimumVisualStudioVersion = 10.0.40219.1
Project("{9A19103F-16F7-4668-BE54-9A1E7A4F7556}") = "task_3", "..\ConsoleApp1\ConsoleApp1\task_3.csproj", "{0D679FC6-DE52-430C-BAB9-979C084EB901}"
EndProject
Global
	GlobalSection(SolutionConfigurationPlatforms) = preSolution
		Debug|Any CPU = Debug|Any CPU
		Release|Any CPU = Release|Any CPU
	EndGlobalSection
	GlobalSection(ProjectConfigurationPlatforms) = postSolution
		{0D679FC6-DE52-430C-BAB9-979C084EB901}.Debug|Any CPU.ActiveCfg = Debug|Any CPU
		{0D679FC6-DE52-430C-BAB9-979C084EB901}.Debug|Any CPU.Build.0 = Debug|Any CPU
		{0D679FC6-DE52-430C-BAB9-979C084EB901}.Release|Any CPU.ActiveCfg = Release|Any CPU
		{0D679FC6-DE52-430C-BAB9-979C084EB901}.Release|Any CPU.Build.0 = Release|Any CPU
	EndGlobalSection
	GlobalSection(SolutionProperties) = preSolution
		HideSolutionNode = FALSE
	EndGlobalSection
	GlobalSection(ExtensibilityGlobals) = postSolution
		SolutionGuid = {BBC8A6D6-A271-4598-9759-D18318FE45B5}
	EndGlobalSection
EndGlobal
